
Microsoft Visual Studio Solution File, Format Version 12.00
# Visual Studio Version 17
VisualStudioVersion = 17.13.35919.96 d17.13
MinimumVisualStudioVersion = 10.0.40219.1
Project("{2150E333-8FDC-42A3-9474-1A3956D46DE8}") = "1-Api", "1-Api", "{751FADFD-C6D8-464F-93AA-9141114E7E2B}"
EndProject
Project("{2150E333-8FDC-42A3-9474-1A3956D46DE8}") = "2-Application", "2-Application", "{A579EDBB-D2B9-4517-AFA6-FF6AEE513FBF}"
EndProject
Project("{2150E333-8FDC-42A3-9474-1A3956D46DE8}") = "3-Domain", "3-Domain", "{9EC17304-12CD-4B5F-8D78-FC900AA9340B}"
EndProject
Project("{2150E333-8FDC-42A3-9474-1A3956D46DE8}") = "4-Infra", "4-Infra", "{BFA52CC2-2A5B-4100-B0C9-4CA71830E88D}"
EndProject
Project("{2150E333-8FDC-42A3-9474-1A3956D46DE8}") = "4.1-Data", "4.1-Data", "{B290BF3B-DEE1-4F88-914E-CE7580CCBA66}"
EndProject
Project("{2150E333-8FDC-42A3-9474-1A3956D46DE8}") = "4.2-CrossCutting", "4.2-CrossCutting", "{C3EFC475-1BF9-4465-8BF5-9596583F4CE5}"
EndProject
Project("{9A19103F-16F7-4668-BE54-9A1E7A4F7556}") = "CqrsMediatREFDapper.Domain", "src\CqrsMediatREFDapper.Domain\CqrsMediatREFDapper.Domain.csproj", "{035D153D-9F6F-4036-9A26-EBB08C8E355D}"
EndProject
Project("{9A19103F-16F7-4668-BE54-9A1E7A4F7556}") = "CqrsMediatREFDapper.Infra.Data.Context", "src\CqrsMediatREFDapper.Infra.Data.Context\CqrsMediatREFDapper.Infra.Data.Context.csproj", "{C895B89D-254F-426D-B6F6-5F8E06966176}"
EndProject
Project("{9A19103F-16F7-4668-BE54-9A1E7A4F7556}") = "CqrsMediatREFDapper.Infra.Data.Repository", "src\CqrsMediatREFDapper.Infra.Data.Repository\CqrsMediatREFDapper.Infra.Data.Repository.csproj", "{14E70D09-23BA-4CB2-AB5E-C0E9C7ABFF8C}"
EndProject
Project("{9A19103F-16F7-4668-BE54-9A1E7A4F7556}") = "CqrsMediatREFDapper.Infra.CrossCutting.Util", "src\CqrsMediatREFDapper.Infra.CrossCutting.Util\CqrsMediatREFDapper.Infra.CrossCutting.Util.csproj", "{BA5501CB-B6B9-41C7-A056-A9354CF49F38}"
EndProject
Project("{9A19103F-16F7-4668-BE54-9A1E7A4F7556}") = "CqrsMediatREFDapper.Application", "src\CqrsMediatREFDapper.Application\CqrsMediatREFDapper.Application.csproj", "{2616EAC0-1D84-4C46-BEB5-5DDB2A5C81AA}"
EndProject
Project("{2150E333-8FDC-42A3-9474-1A3956D46DE8}") = "src", "src", "{2F1535F6-233E-424F-BF9C-57ACDDC641D5}"
EndProject
Project("{FAE04EC0-301F-11D3-BF4B-00C04F79EFBC}") = "CqrsMediatREFDapper.Infra.CrossCutting.IoC", "src\CqrsMediatREFDapper.Infra.CrossCutting.IoC\CqrsMediatREFDapper.Infra.CrossCutting.IoC.csproj", "{DB15FB22-4876-4EF8-B280-8466633DC8CF}"
EndProject
Project("{FAE04EC0-301F-11D3-BF4B-00C04F79EFBC}") = "CqrsMediatREFDapper.Api", "src\CqrsMediatREFDapper.Api\CqrsMediatREFDapper.Api.csproj", "{1A8515E8-2883-412B-8DE7-6196A76AD47F}"
EndProject
Global
	GlobalSection(SolutionConfigurationPlatforms) = preSolution
		Debug|Any CPU = Debug|Any CPU
		Release|Any CPU = Release|Any CPU
	EndGlobalSection
	GlobalSection(ProjectConfigurationPlatforms) = postSolution
		{035D153D-9F6F-4036-9A26-EBB08C8E355D}.Debug|Any CPU.ActiveCfg = Debug|Any CPU
		{035D153D-9F6F-4036-9A26-EBB08C8E355D}.Debug|Any CPU.Build.0 = Debug|Any CPU
		{035D153D-9F6F-4036-9A26-EBB08C8E355D}.Release|Any CPU.ActiveCfg = Release|Any CPU
		{035D153D-9F6F-4036-9A26-EBB08C8E355D}.Release|Any CPU.Build.0 = Release|Any CPU
		{C895B89D-254F-426D-B6F6-5F8E06966176}.Debug|Any CPU.ActiveCfg = Debug|Any CPU
		{C895B89D-254F-426D-B6F6-5F8E06966176}.Debug|Any CPU.Build.0 = Debug|Any CPU
		{C895B89D-254F-426D-B6F6-5F8E06966176}.Release|Any CPU.ActiveCfg = Release|Any CPU
		{C895B89D-254F-426D-B6F6-5F8E06966176}.Release|Any CPU.Build.0 = Release|Any CPU
		{14E70D09-23BA-4CB2-AB5E-C0E9C7ABFF8C}.Debug|Any CPU.ActiveCfg = Debug|Any CPU
		{14E70D09-23BA-4CB2-AB5E-C0E9C7ABFF8C}.Debug|Any CPU.Build.0 = Debug|Any CPU
		{14E70D09-23BA-4CB2-AB5E-C0E9C7ABFF8C}.Release|Any CPU.ActiveCfg = Release|Any CPU
		{14E70D09-23BA-4CB2-AB5E-C0E9C7ABFF8C}.Release|Any CPU.Build.0 = Release|Any CPU
		{BA5501CB-B6B9-41C7-A056-A9354CF49F38}.Debug|Any CPU.ActiveCfg = Debug|Any CPU
		{BA5501CB-B6B9-41C7-A056-A9354CF49F38}.Debug|Any CPU.Build.0 = Debug|Any CPU
		{BA5501CB-B6B9-41C7-A056-A9354CF49F38}.Release|Any CPU.ActiveCfg = Release|Any CPU
		{BA5501CB-B6B9-41C7-A056-A9354CF49F38}.Release|Any CPU.Build.0 = Release|Any CPU
		{2616EAC0-1D84-4C46-BEB5-5DDB2A5C81AA}.Debug|Any CPU.ActiveCfg = Debug|Any CPU
		{2616EAC0-1D84-4C46-BEB5-5DDB2A5C81AA}.Debug|Any CPU.Build.0 = Debug|Any CPU
		{2616EAC0-1D84-4C46-BEB5-5DDB2A5C81AA}.Release|Any CPU.ActiveCfg = Release|Any CPU
		{2616EAC0-1D84-4C46-BEB5-5DDB2A5C81AA}.Release|Any CPU.Build.0 = Release|Any CPU
		{DB15FB22-4876-4EF8-B280-8466633DC8CF}.Debug|Any CPU.ActiveCfg = Debug|Any CPU
		{DB15FB22-4876-4EF8-B280-8466633DC8CF}.Debug|Any CPU.Build.0 = Debug|Any CPU
		{DB15FB22-4876-4EF8-B280-8466633DC8CF}.Release|Any CPU.ActiveCfg = Release|Any CPU
		{DB15FB22-4876-4EF8-B280-8466633DC8CF}.Release|Any CPU.Build.0 = Release|Any CPU
		{1A8515E8-2883-412B-8DE7-6196A76AD47F}.Debug|Any CPU.ActiveCfg = Debug|Any CPU
		{1A8515E8-2883-412B-8DE7-6196A76AD47F}.Debug|Any CPU.Build.0 = Debug|Any CPU
		{1A8515E8-2883-412B-8DE7-6196A76AD47F}.Release|Any CPU.ActiveCfg = Release|Any CPU
		{1A8515E8-2883-412B-8DE7-6196A76AD47F}.Release|Any CPU.Build.0 = Release|Any CPU
	EndGlobalSection
	GlobalSection(SolutionProperties) = preSolution
		HideSolutionNode = FALSE
	EndGlobalSection
	GlobalSection(NestedProjects) = preSolution
		{751FADFD-C6D8-464F-93AA-9141114E7E2B} = {2F1535F6-233E-424F-BF9C-57ACDDC641D5}
		{A579EDBB-D2B9-4517-AFA6-FF6AEE513FBF} = {2F1535F6-233E-424F-BF9C-57ACDDC641D5}
		{9EC17304-12CD-4B5F-8D78-FC900AA9340B} = {2F1535F6-233E-424F-BF9C-57ACDDC641D5}
		{BFA52CC2-2A5B-4100-B0C9-4CA71830E88D} = {2F1535F6-233E-424F-BF9C-57ACDDC641D5}
		{B290BF3B-DEE1-4F88-914E-CE7580CCBA66} = {BFA52CC2-2A5B-4100-B0C9-4CA71830E88D}
		{C3EFC475-1BF9-4465-8BF5-9596583F4CE5} = {BFA52CC2-2A5B-4100-B0C9-4CA71830E88D}
		{035D153D-9F6F-4036-9A26-EBB08C8E355D} = {9EC17304-12CD-4B5F-8D78-FC900AA9340B}
		{C895B89D-254F-426D-B6F6-5F8E06966176} = {B290BF3B-DEE1-4F88-914E-CE7580CCBA66}
		{14E70D09-23BA-4CB2-AB5E-C0E9C7ABFF8C} = {B290BF3B-DEE1-4F88-914E-CE7580CCBA66}
		{BA5501CB-B6B9-41C7-A056-A9354CF49F38} = {C3EFC475-1BF9-4465-8BF5-9596583F4CE5}
		{2616EAC0-1D84-4C46-BEB5-5DDB2A5C81AA} = {A579EDBB-D2B9-4517-AFA6-FF6AEE513FBF}
		{DB15FB22-4876-4EF8-B280-8466633DC8CF} = {C3EFC475-1BF9-4465-8BF5-9596583F4CE5}
		{1A8515E8-2883-412B-8DE7-6196A76AD47F} = {751FADFD-C6D8-464F-93AA-9141114E7E2B}
	EndGlobalSection
	GlobalSection(ExtensibilityGlobals) = postSolution
		SolutionGuid = {70007FDD-AE8B-4C96-B67E-5AFB2544E76F}
	EndGlobalSection
EndGlobal
